lockfileVersion: '6.0'

settings:
  autoInstallPeers: true
  excludeLinksFromLockfile: false

dependencies:
  '@material/material-color-utilities':
    specifier: ^0.2.7
    version: 0.2.7
  culori:
    specifier: ^4.0.1
    version: 4.0.1

packages:

  /@material/material-color-utilities@0.2.7:
    resolution: {integrity: sha512-0FCeqG6WvK4/Cc06F/xXMd/pv4FeisI0c1tUpBbfhA2n9Y8eZEv4Karjbmf2ZqQCPUWMrGp8A571tCjizxoTiQ==}
    dev: false

  /culori@4.0.1:
    resolution: {integrity: sha512-LSnjA6HuIUOlkfKVbzi2OlToZE8OjFi667JWN9qNymXVXzGDmvuP60SSgC+e92sd7B7158f7Fy3Mb6rXS5EDPw==}
    engines: {node: ^12.20.0 || ^14.13.1 || >=16.0.0}
    dev: false
